{
  "version": "5",
  "specifiers": {
    "npm:@ai-sdk/google@^2.0.23": "2.0.23_zod@4.1.12",
    "npm:@t3-oss/env-core@~0.13.8": "0.13.8",
    "npm:ai@^5.0.76": "5.0.76_zod@4.1.12",
    "npm:zod@^4.1.12": "4.1.12"
  },
  "npm": {
    "@ai-sdk/gateway@2.0.0_zod@4.1.12": {
      "integrity": "sha512-Gj0PuawK7NkZuyYgO/h5kDK/l6hFOjhLdTq3/Lli1FTl47iGmwhH1IZQpAL3Z09BeFYWakcwUmn02ovIm2wy9g==",
      "dependencies": [
        "@ai-sdk/provider",
        "@ai-sdk/provider-utils",
        "@vercel/oidc",
        "zod"
      ]
    },
    "@ai-sdk/google@2.0.23_zod@4.1.12": {
      "integrity": "sha512-VbCnKR+6aWUVLkAiSW5gUEtST7KueEmlt+d6qwDikxlLnFG9pzy59je8MiDVeM5G2tuSXbvZQF78PGIfXDBmow==",
      "dependencies": [
        "@ai-sdk/provider",
        "@ai-sdk/provider-utils",
        "zod"
      ]
    },
    "@ai-sdk/provider-utils@3.0.12_zod@4.1.12": {
      "integrity": "sha512-ZtbdvYxdMoria+2SlNarEk6Hlgyf+zzcznlD55EAl+7VZvJaSg2sqPvwArY7L6TfDEDJsnCq0fdhBSkYo0Xqdg==",
      "dependencies": [
        "@ai-sdk/provider",
        "@standard-schema/spec",
        "eventsource-parser",
        "zod"
      ]
    },
    "@ai-sdk/provider@2.0.0": {
      "integrity": "sha512-6o7Y2SeO9vFKB8lArHXehNuusnpddKPk7xqL7T2/b+OvXMRIXUO1rR4wcv1hAFUAT9avGZshty3Wlua/XA7TvA==",
      "dependencies": [
        "json-schema"
      ]
    },
    "@opentelemetry/api@1.9.0": {
      "integrity": "sha512-3giAOQvZiH5F9bMlMiv8+GSPMeqg0dbaeo58/0SlA9sxSqZhnUtxzX9/2FzyhS9sWQf5S0GJE0AKBrFqjpeYcg=="
    },
    "@standard-schema/spec@1.0.0": {
      "integrity": "sha512-m2bOd0f2RT9k8QJx1JN85cZYyH1RqFBdlwtkSlf4tBDYLCiiZnv1fIIwacK6cqwXavOydf0NPToMQgpKq+dVlA=="
    },
    "@t3-oss/env-core@0.13.8": {
      "integrity": "sha512-L1inmpzLQyYu4+Q1DyrXsGJYCXbtXjC4cICw1uAKv0ppYPQv656lhZPU91Qd1VS6SO/bou1/q5ufVzBGbNsUpw=="
    },
    "@vercel/oidc@3.0.3": {
      "integrity": "sha512-yNEQvPcVrK9sIe637+I0jD6leluPxzwJKx/Haw6F4H77CdDsszUn5V3o96LPziXkSNE2B83+Z3mjqGKBK/R6Gg=="
    },
    "ai@5.0.76_zod@4.1.12": {
      "integrity": "sha512-ZCxi1vrpyCUnDbtYrO/W8GLvyacV9689f00yshTIQ3mFFphbD7eIv40a2AOZBv3GGRA7SSRYIDnr56wcS/gyQg==",
      "dependencies": [
        "@ai-sdk/gateway",
        "@ai-sdk/provider",
        "@ai-sdk/provider-utils",
        "@opentelemetry/api",
        "zod"
      ]
    },
    "eventsource-parser@3.0.6": {
      "integrity": "sha512-Vo1ab+QXPzZ4tCa8SwIHJFaSzy4R6SHf7BY79rFBDf0idraZWAkYrDjDj8uWaSm3S2TK+hJ7/t1CEmZ7jXw+pg=="
    },
    "json-schema@0.4.0": {
      "integrity": "sha512-es94M3nTIfsEPisRafak+HDLfHXnKBhV3vU5eqPcS3flIWqcxJWgXHXiey3YrpaNsanY5ei1VoYEbOzijuq9BA=="
    },
    "zod@4.1.12": {
      "integrity": "sha512-JInaHOamG8pt5+Ey8kGmdcAcg3OL9reK8ltczgHTAwNhMys/6ThXHityHxVV2p3fkw/c+MAvBHFVYHFZDmjMCQ=="
    }
  },
  "workspace": {
    "dependencies": [
      "npm:@ai-sdk/google@^2.0.23",
      "npm:@t3-oss/env-core@~0.13.8",
      "npm:ai@^5.0.76",
      "npm:zod@^4.1.12"
    ]
  }
}
